
Microsoft Visual Studio Solution File, Format Version 12.00
# Visual Studio 15
VisualStudioVersion = 15.0.28307.572
MinimumVisualStudioVersion = 10.0.40219.1
Project("{FAE04EC0-301F-11D3-BF4B-00C04F79EFBC}") = "WpfApp1", "WpfApp1\WpfApp1.csproj", "{C25FFD0D-587F-4715-BA97-E89B2CD8352F}"
EndProject
Global
	GlobalSection(SolutionConfigurationPlatforms) = preSolution
		Debug|Any CPU = Debug|Any CPU
		Release|Any CPU = Release|Any CPU
	EndGlobalSection
	GlobalSection(ProjectConfigurationPlatforms) = postSolution
		{C25FFD0D-587F-4715-BA97-E89B2CD8352F}.Debug|Any CPU.ActiveCfg = Debug|Any CPU
		{C25FFD0D-587F-4715-BA97-E89B2CD8352F}.Debug|Any CPU.Build.0 = Debug|Any CPU
		{C25FFD0D-587F-4715-BA97-E89B2CD8352F}.Release|Any CPU.ActiveCfg = Release|Any CPU
		{C25FFD0D-587F-4715-BA97-E89B2CD8352F}.Release|Any CPU.Build.0 = Release|Any CPU
	EndGlobalSection
	GlobalSection(SolutionProperties) = preSolution
		HideSolutionNode = FALSE
	EndGlobalSection
	GlobalSection(ExtensibilityGlobals) = postSolution
		SolutionGuid = {58758AE0-C6A2-4E58-BB73-F613A4E19756}
	EndGlobalSection
EndGlobal
